
Microsoft Visual Studio Solution File, Format Version 12.00
# Visual Studio Version 17
VisualStudioVersion = 17.5.002.0
MinimumVisualStudioVersion = 10.0.40219.1
Project("{9A19103F-16F7-4668-BE54-9A1E7A4F7556}") = "analise-de-projetos", "analise-de-projetos.csproj", "{51775542-3F4D-4679-848A-BAF96A5EC899}"
EndProject
Global
	GlobalSection(SolutionConfigurationPlatforms) = preSolution
		Debug|Any CPU = Debug|Any CPU
		Release|Any CPU = Release|Any CPU
	EndGlobalSection
	GlobalSection(ProjectConfigurationPlatforms) = postSolution
		{51775542-3F4D-4679-848A-BAF96A5EC899}.Debug|Any CPU.ActiveCfg = Debug|Any CPU
		{51775542-3F4D-4679-848A-BAF96A5EC899}.Debug|Any CPU.Build.0 = Debug|Any CPU
		{51775542-3F4D-4679-848A-BAF96A5EC899}.Release|Any CPU.ActiveCfg = Release|Any CPU
		{51775542-3F4D-4679-848A-BAF96A5EC899}.Release|Any CPU.Build.0 = Release|Any CPU
	EndGlobalSection
	GlobalSection(SolutionProperties) = preSolution
		HideSolutionNode = FALSE
	EndGlobalSection
	GlobalSection(ExtensibilityGlobals) = postSolution
		SolutionGuid = {071AADAA-F00A-4EB7-BA87-75780959D7C0}
	EndGlobalSection
EndGlobal
